
Microsoft Visual Studio Solution File, Format Version 12.00
# Visual Studio Version 16
VisualStudioVersion = 16.0.30611.23
MinimumVisualStudioVersion = 10.0.40219.1
Project("{FAE04EC0-301F-11D3-BF4B-00C04F79EFBC}") = "SKP Screenviewer", "SKP Screenviewer\SKP Screenviewer.csproj", "{C85780BF-217F-464E-93F3-EC5AD877E6E0}"
EndProject
Global
	GlobalSection(SolutionConfigurationPlatforms) = preSolution
		Debug|Any CPU = Debug|Any CPU
		Release|Any CPU = Release|Any CPU
	EndGlobalSection
	GlobalSection(ProjectConfigurationPlatforms) = postSolution
		{C85780BF-217F-464E-93F3-EC5AD877E6E0}.Debug|Any CPU.ActiveCfg = Debug|Any CPU
		{C85780BF-217F-464E-93F3-EC5AD877E6E0}.Debug|Any CPU.Build.0 = Debug|Any CPU
		{C85780BF-217F-464E-93F3-EC5AD877E6E0}.Release|Any CPU.ActiveCfg = Release|Any CPU
		{C85780BF-217F-464E-93F3-EC5AD877E6E0}.Release|Any CPU.Build.0 = Release|Any CPU
	EndGlobalSection
	GlobalSection(SolutionProperties) = preSolution
		HideSolutionNode = FALSE
	EndGlobalSection
	GlobalSection(ExtensibilityGlobals) = postSolution
		SolutionGuid = {41FB80A3-5553-4D7D-ADAC-3B12DD4C3FEC}
	EndGlobalSection
EndGlobal
